schema: '2.0'
stages:
  data_ingestion:
    cmd: python src/data_ingestion.py
    deps:
    - path: src/data_ingestion.py
      hash: md5
      md5: 936cc2c2555db1ebd35bffc9d448a391
      size: 3872
    params:
      params.yaml:
        data_ingestion.test_size: 0.24
    outs:
    - path: data/raw
      hash: md5
      md5: 3f46c3cfa48673b05f6a53fd97b49497.dir
      size: 484846
      nfiles: 2
  data_preprocessing:
    cmd: python src/data_preprocessing.py
    deps:
    - path: data/raw
      hash: md5
      md5: 3f46c3cfa48673b05f6a53fd97b49497.dir
      size: 484846
      nfiles: 2
    - path: src/data_preprocessing.py
      hash: md5
      md5: 6aeb2802e83a59a18ff7477c2680d73d
      size: 4171
    outs:
    - path: data/interim
      hash: md5
      md5: 47315a4e885d9ed11a4567f1471ad542.dir
      size: 261334
      nfiles: 2
  feature_engineering:
    cmd: python src/feature_engineering.py
    deps:
    - path: data/interim
      hash: md5
      md5: 47315a4e885d9ed11a4567f1471ad542.dir
      size: 261334
      nfiles: 2
    - path: src/feature_engineering.py
      hash: md5
      md5: 3330406ea036200429fb76f486c0b52b
      size: 3942
    params:
      params.yaml:
        feature_engineering.max_features: 20
    outs:
    - path: data/processed
      hash: md5
      md5: 13378b37af1dcdc3a010d2c07b5201c5.dir
      size: 486667
      nfiles: 2
  model_building:
    cmd: python src/model_building.py
    deps:
    - path: data/processed
      hash: md5
      md5: 13378b37af1dcdc3a010d2c07b5201c5.dir
      size: 486667
      nfiles: 2
    - path: src/model_building.py
      hash: md5
      md5: 7f57ee2eac81604ed980d00ad11afb2a
      size: 4411
    params:
      params.yaml:
        model_building.n_estimators: 33
        model_building.random_state: 2
    outs:
    - path: models/model.pkl
      hash: md5
      md5: 7c042b887c8bd773a547dcb732094bff
      size: 697647
  model_evaluation:
    cmd: python src/model_evaluation.py
    deps:
    - path: models/model.pkl
      hash: md5
      md5: 7c042b887c8bd773a547dcb732094bff
      size: 697647
    - path: src/model_evaluation.py
      hash: md5
      md5: 23fdf1758e2aeaaa7c9dae3917943459
      size: 4695
    outs:
    - path: reports/metrics.json
      hash: md5
      md5: 6eb01fea14470cc2cdd625929fdbecbc
      size: 144
