schema: '2.0'
stages:
  data_ingestion:
    cmd: python src/data_ingestion.py
    deps:
    - path: src/data_ingestion.py
      hash: md5
      md5: 936cc2c2555db1ebd35bffc9d448a391
      size: 3872
    params:
      params.yaml:
        data_ingestion.test_size: 0.25
    outs:
    - path: data/raw
      hash: md5
      md5: 04dd235295cb72c313e376c794dbd399.dir
      size: 484846
      nfiles: 2
  data_preprocessing:
    cmd: python src/data_preprocessing.py
    deps:
    - path: data/raw
      hash: md5
      md5: 04dd235295cb72c313e376c794dbd399.dir
      size: 484846
      nfiles: 2
    - path: src/data_preprocessing.py
      hash: md5
      md5: 6aeb2802e83a59a18ff7477c2680d73d
      size: 4171
    outs:
    - path: data/interim
      hash: md5
      md5: a93065f5a2727e5e7dd327b4604144d5.dir
      size: 261440
      nfiles: 2
  feature_engineering:
    cmd: python src/feature_engineering.py
    deps:
    - path: data/interim
      hash: md5
      md5: a93065f5a2727e5e7dd327b4604144d5.dir
      size: 261440
      nfiles: 2
    - path: src/feature_engineering.py
      hash: md5
      md5: 3330406ea036200429fb76f486c0b52b
      size: 3942
    params:
      params.yaml:
        feature_engineering.max_features: 40
    outs:
    - path: data/processed
      hash: md5
      md5: b8bec5cf154d89924e8f70173e41dd34.dir
      size: 954658
      nfiles: 2
  model_building:
    cmd: python src/model_building.py
    deps:
    - path: data/processed
      hash: md5
      md5: b8bec5cf154d89924e8f70173e41dd34.dir
      size: 954658
      nfiles: 2
    - path: src/model_building.py
      hash: md5
      md5: 7f57ee2eac81604ed980d00ad11afb2a
      size: 4411
    params:
      params.yaml:
        model_building.n_estimators: 23
        model_building.random_state: 2
    outs:
    - path: models/model.pkl
      hash: md5
      md5: 33b8455c8636245a7cfd876a1fa0da5f
      size: 752862
  model_evaluation:
    cmd: python src/model_evaluation.py
    deps:
    - path: models/model.pkl
      hash: md5
      md5: 33b8455c8636245a7cfd876a1fa0da5f
      size: 752862
    - path: src/model_evaluation.py
      hash: md5
      md5: 446e7bc0fe8230986569f5c1d8b6290f
      size: 4647
    outs:
    - path: reports/metrics.json
      hash: md5
      md5: 09c434d0d8f73cdc5c3323a4dcf9b9ab
      size: 148
